# This file is automatically @generated by Cargo.
# It is not intended for manual editing.
[[package]]
name = "ai-race"
version = "0.1.0"
dependencies = [
 "ultraviolet",
]

[[package]]
name = "bytemuck"
version = "1.4.1"
source = "registry+https://github.com/rust-lang/crates.io-index"
checksum = "41aa2ec95ca3b5c54cf73c91acf06d24f4495d5f1b1c12506ae3483d646177ac"

[[package]]
name = "safe_arch"
version = "0.5.2"
source = "registry+https://github.com/rust-lang/crates.io-index"
checksum = "c1ff3d6d9696af502cc3110dacce942840fb06ff4514cad92236ecc455f2ce05"
dependencies = [
 "bytemuck",
]

[[package]]
name = "ultraviolet"
version = "0.7.5"
source = "registry+https://github.com/rust-lang/crates.io-index"
checksum = "c6650a58414f856056ccc651abd3b9d80c384206250c3a621224497503a0f9f2"
dependencies = [
 "wide",
]

[[package]]
name = "wide"
version = "0.5.5"
source = "registry+https://github.com/rust-lang/crates.io-index"
checksum = "80b27c76ecc22bd81fe681d9c9eac81e002d7b7048105ee4608f57c4e92e9211"
dependencies = [
 "bytemuck",
 "safe_arch",
]
